
Microsoft Visual Studio Solution File, Format Version 12.00
# Visual Studio Version 16
VisualStudioVersion = 16.0.30503.244
MinimumVisualStudioVersion = 10.0.40219.1
Project("{9A19103F-16F7-4668-BE54-9A1E7A4F7556}") = "MyAPI", "MyAPI\MyAPI.csproj", "{757197DF-4462-4148-A2EC-795E56B5873E}"
EndProject
Project("{2150E333-8FDC-42A3-9474-1A3956D46DE8}") = "0 - API", "0 - API", "{12158337-F7D7-4AA6-8CC9-B58E34BF447F}"
EndProject
Project("{2150E333-8FDC-42A3-9474-1A3956D46DE8}") = "1 - Application", "1 - Application", "{287D1B5C-F72B-4112-9EB2-2109811E8283}"
EndProject
Project("{2150E333-8FDC-42A3-9474-1A3956D46DE8}") = "2 - Domain", "2 - Domain", "{2F871D2A-1B71-4935-80F4-140B3B3FFF41}"
EndProject
Project("{2150E333-8FDC-42A3-9474-1A3956D46DE8}") = "3 - Infrastructure", "3 - Infrastructure", "{E1036BB1-A9CB-4D17-A06B-2B6ED1CCDC3E}"
EndProject
Project("{2150E333-8FDC-42A3-9474-1A3956D46DE8}") = "4 - Service", "4 - Service", "{A7AF00CF-83C4-4B6A-9DA9-D241E854CB3A}"
EndProject
Project("{2150E333-8FDC-42A3-9474-1A3956D46DE8}") = "5 - Integration", "5 - Integration", "{1CA51308-3260-48F1-841D-0A479A88B2DE}"
EndProject
Project("{2150E333-8FDC-42A3-9474-1A3956D46DE8}") = "6 - Microservice", "6 - Microservice", "{CF2CEF93-D287-4754-BF63-82F2A292EA31}"
EndProject
Project("{9A19103F-16F7-4668-BE54-9A1E7A4F7556}") = "MyAPI.Application", "MyAPI.Application\MyAPI.Application.csproj", "{545CE075-3888-45E8-926D-612BFA384798}"
EndProject
Project("{9A19103F-16F7-4668-BE54-9A1E7A4F7556}") = "MyAPI.Domain", "MyAPI.Domain\MyAPI.Domain.csproj", "{9953F822-7E77-4ABA-A8DB-BC553A6C8A51}"
EndProject
Project("{9A19103F-16F7-4668-BE54-9A1E7A4F7556}") = "MYAPI.Data", "MYAPI.Data\MYAPI.Data.csproj", "{10C38F29-3D81-45BE-970B-06692E6D71D1}"
EndProject
Project("{9A19103F-16F7-4668-BE54-9A1E7A4F7556}") = "MyAPI.CrossCutting.BootStrapper", "MyAPI.CrossCutting.BootStrapper\MyAPI.CrossCutting.BootStrapper.csproj", "{C30D6924-38C2-4F4F-8373-34A19994D9A9}"
EndProject
Project("{9A19103F-16F7-4668-BE54-9A1E7A4F7556}") = "MyAPI.CrossCutting", "MyAPI.CrossCutting\MyAPI.CrossCutting.csproj", "{1D702F72-E5D8-41F9-BBF8-2C6FAB139940}"
EndProject
Project("{FAE04EC0-301F-11D3-BF4B-00C04F79EFBC}") = "MyAPI.Service.Token", "MyAPI.Service.Token\MyAPI.Service.Token.csproj", "{2CBBCC0F-1B53-4020-BB84-DAF040A2CA89}"
EndProject
Project("{FAE04EC0-301F-11D3-BF4B-00C04F79EFBC}") = "MyAPI.Service.Core", "MyAPI.Service.Core\MyAPI.Service.Core.csproj", "{7D5EB7A0-6CE8-4BB6-A1D3-9619B560FB7A}"
EndProject
Global
	GlobalSection(SolutionConfigurationPlatforms) = preSolution
		Debug|Any CPU = Debug|Any CPU
		Release|Any CPU = Release|Any CPU
	EndGlobalSection
	GlobalSection(ProjectConfigurationPlatforms) = postSolution
		{757197DF-4462-4148-A2EC-795E56B5873E}.Debug|Any CPU.ActiveCfg = Debug|Any CPU
		{757197DF-4462-4148-A2EC-795E56B5873E}.Debug|Any CPU.Build.0 = Debug|Any CPU
		{757197DF-4462-4148-A2EC-795E56B5873E}.Release|Any CPU.ActiveCfg = Release|Any CPU
		{757197DF-4462-4148-A2EC-795E56B5873E}.Release|Any CPU.Build.0 = Release|Any CPU
		{545CE075-3888-45E8-926D-612BFA384798}.Debug|Any CPU.ActiveCfg = Debug|Any CPU
		{545CE075-3888-45E8-926D-612BFA384798}.Debug|Any CPU.Build.0 = Debug|Any CPU
		{545CE075-3888-45E8-926D-612BFA384798}.Release|Any CPU.ActiveCfg = Release|Any CPU
		{545CE075-3888-45E8-926D-612BFA384798}.Release|Any CPU.Build.0 = Release|Any CPU
		{9953F822-7E77-4ABA-A8DB-BC553A6C8A51}.Debug|Any CPU.ActiveCfg = Debug|Any CPU
		{9953F822-7E77-4ABA-A8DB-BC553A6C8A51}.Debug|Any CPU.Build.0 = Debug|Any CPU
		{9953F822-7E77-4ABA-A8DB-BC553A6C8A51}.Release|Any CPU.ActiveCfg = Release|Any CPU
		{9953F822-7E77-4ABA-A8DB-BC553A6C8A51}.Release|Any CPU.Build.0 = Release|Any CPU
		{10C38F29-3D81-45BE-970B-06692E6D71D1}.Debug|Any CPU.ActiveCfg = Debug|Any CPU
		{10C38F29-3D81-45BE-970B-06692E6D71D1}.Debug|Any CPU.Build.0 = Debug|Any CPU
		{10C38F29-3D81-45BE-970B-06692E6D71D1}.Release|Any CPU.ActiveCfg = Release|Any CPU
		{10C38F29-3D81-45BE-970B-06692E6D71D1}.Release|Any CPU.Build.0 = Release|Any CPU
		{C30D6924-38C2-4F4F-8373-34A19994D9A9}.Debug|Any CPU.ActiveCfg = Debug|Any CPU
		{C30D6924-38C2-4F4F-8373-34A19994D9A9}.Debug|Any CPU.Build.0 = Debug|Any CPU
		{C30D6924-38C2-4F4F-8373-34A19994D9A9}.Release|Any CPU.ActiveCfg = Release|Any CPU
		{C30D6924-38C2-4F4F-8373-34A19994D9A9}.Release|Any CPU.Build.0 = Release|Any CPU
		{1D702F72-E5D8-41F9-BBF8-2C6FAB139940}.Debug|Any CPU.ActiveCfg = Debug|Any CPU
		{1D702F72-E5D8-41F9-BBF8-2C6FAB139940}.Debug|Any CPU.Build.0 = Debug|Any CPU
		{1D702F72-E5D8-41F9-BBF8-2C6FAB139940}.Release|Any CPU.ActiveCfg = Release|Any CPU
		{1D702F72-E5D8-41F9-BBF8-2C6FAB139940}.Release|Any CPU.Build.0 = Release|Any CPU
		{2CBBCC0F-1B53-4020-BB84-DAF040A2CA89}.Debug|Any CPU.ActiveCfg = Debug|Any CPU
		{2CBBCC0F-1B53-4020-BB84-DAF040A2CA89}.Debug|Any CPU.Build.0 = Debug|Any CPU
		{2CBBCC0F-1B53-4020-BB84-DAF040A2CA89}.Release|Any CPU.ActiveCfg = Release|Any CPU
		{2CBBCC0F-1B53-4020-BB84-DAF040A2CA89}.Release|Any CPU.Build.0 = Release|Any CPU
		{7D5EB7A0-6CE8-4BB6-A1D3-9619B560FB7A}.Debug|Any CPU.ActiveCfg = Debug|Any CPU
		{7D5EB7A0-6CE8-4BB6-A1D3-9619B560FB7A}.Debug|Any CPU.Build.0 = Debug|Any CPU
		{7D5EB7A0-6CE8-4BB6-A1D3-9619B560FB7A}.Release|Any CPU.ActiveCfg = Release|Any CPU
		{7D5EB7A0-6CE8-4BB6-A1D3-9619B560FB7A}.Release|Any CPU.Build.0 = Release|Any CPU
	EndGlobalSection
	GlobalSection(SolutionProperties) = preSolution
		HideSolutionNode = FALSE
	EndGlobalSection
	GlobalSection(NestedProjects) = preSolution
		{757197DF-4462-4148-A2EC-795E56B5873E} = {12158337-F7D7-4AA6-8CC9-B58E34BF447F}
		{545CE075-3888-45E8-926D-612BFA384798} = {287D1B5C-F72B-4112-9EB2-2109811E8283}
		{9953F822-7E77-4ABA-A8DB-BC553A6C8A51} = {2F871D2A-1B71-4935-80F4-140B3B3FFF41}
		{10C38F29-3D81-45BE-970B-06692E6D71D1} = {E1036BB1-A9CB-4D17-A06B-2B6ED1CCDC3E}
		{C30D6924-38C2-4F4F-8373-34A19994D9A9} = {E1036BB1-A9CB-4D17-A06B-2B6ED1CCDC3E}
		{1D702F72-E5D8-41F9-BBF8-2C6FAB139940} = {E1036BB1-A9CB-4D17-A06B-2B6ED1CCDC3E}
		{2CBBCC0F-1B53-4020-BB84-DAF040A2CA89} = {A7AF00CF-83C4-4B6A-9DA9-D241E854CB3A}
		{7D5EB7A0-6CE8-4BB6-A1D3-9619B560FB7A} = {A7AF00CF-83C4-4B6A-9DA9-D241E854CB3A}
	EndGlobalSection
	GlobalSection(ExtensibilityGlobals) = postSolution
		SolutionGuid = {74A6F0EA-CAF4-4CD6-A256-EE4B0B92AEA9}
	EndGlobalSection
EndGlobal
